hash: 7aecd6d61d605e4ba556c68fae38f4840a8ddbd2ce0ba34ae01b7e2ea6800263
updated: 2016-06-27T12:21:48.3916562+08:00
imports:
- name: github.com/fatih/color
  version: 87d4004f2ab62d0d255e0a38f1680aa534549fe3
  vcs: git
- name: github.com/pkg/errors
  version: 01fa4104b9c248c8945d14d9f128454d5b28d595
  vcs: git
- name: github.com/spf13/cobra
  version: bc81c21bd0d8be5ba2d6630a505d79d4467566e7
  vcs: git
- name: github.com/spf13/viper
  version: c1ccc378a054ea8d4e38d8c67f6938d4760b53dd
  vcs: git
devImports: []
