hash: bc28c3a0db6666d852098d49289294c665e0b278f8aeb2167930ca9346c82fae
updated: 2016-06-27T12:25:30.2303636+08:00
imports:
- name: github.com/fatih/color
  version: 87d4004f2ab62d0d255e0a38f1680aa534549fe3
  vcs: git
- name: github.com/pkg/errors
  version: 01fa4104b9c248c8945d14d9f128454d5b28d595
  vcs: git
- name: github.com/spf13/cobra
  version: bc81c21bd0d8be5ba2d6630a505d79d4467566e7
  vcs: git
- name: github.com/spf13/viper
  version: c1ccc378a054ea8d4e38d8c67f6938d4760b53dd
  vcs: git
devImports: []
